
Microsoft Visual Studio Solution File, Format Version 12.00
# Visual Studio Version 17
VisualStudioVersion = 17.14.35906.104 d17.14
MinimumVisualStudioVersion = 10.0.40219.1
Project("{FAE04EC0-301F-11D3-BF4B-00C04F79EFBC}") = "csharp.multitenant", "csharp.multitenant\csharp.multitenant.csproj", "{20370E57-2486-44A1-B3F5-8DB9F32142F4}"
EndProject
Project("{FAE04EC0-301F-11D3-BF4B-00C04F79EFBC}") = "csharp.multitenant.Models", "csharp.multitenant.Models\csharp.multitenant.Models.csproj", "{CF3B0676-77FC-47C4-A085-DD914CB12206}"
EndProject
Global
	GlobalSection(SolutionConfigurationPlatforms) = preSolution
		Debug|Any CPU = Debug|Any CPU
		Release|Any CPU = Release|Any CPU
	EndGlobalSection
	GlobalSection(ProjectConfigurationPlatforms) = postSolution
		{20370E57-2486-44A1-B3F5-8DB9F32142F4}.Debug|Any CPU.ActiveCfg = Debug|Any CPU
		{20370E57-2486-44A1-B3F5-8DB9F32142F4}.Debug|Any CPU.Build.0 = Debug|Any CPU
		{20370E57-2486-44A1-B3F5-8DB9F32142F4}.Release|Any CPU.ActiveCfg = Release|Any CPU
		{20370E57-2486-44A1-B3F5-8DB9F32142F4}.Release|Any CPU.Build.0 = Release|Any CPU
		{CF3B0676-77FC-47C4-A085-DD914CB12206}.Debug|Any CPU.ActiveCfg = Debug|Any CPU
		{CF3B0676-77FC-47C4-A085-DD914CB12206}.Debug|Any CPU.Build.0 = Debug|Any CPU
		{CF3B0676-77FC-47C4-A085-DD914CB12206}.Release|Any CPU.ActiveCfg = Release|Any CPU
		{CF3B0676-77FC-47C4-A085-DD914CB12206}.Release|Any CPU.Build.0 = Release|Any CPU
	EndGlobalSection
	GlobalSection(SolutionProperties) = preSolution
		HideSolutionNode = FALSE
	EndGlobalSection
	GlobalSection(ExtensibilityGlobals) = postSolution
		SolutionGuid = {DADA3D65-4B92-4388-9777-7512957B22A5}
	EndGlobalSection
EndGlobal
